github.com/google/go-cmp v0.5.7 h1:81/ik6ipDQS2aGcBfIN5dHDB36BwrStyeAQquSYCV4o=
github.com/kevinstrong/go-sandbox/set v0.0.0-20220331162412-463be2b7e132 h1:HM+IkBMCudl6RdxHb9wideh7u6SALbPUxCEaWey6rIs=
github.com/kevinstrong/go-sandbox/set v0.0.0-20220331162412-463be2b7e132/go.mod h1:ZmSjYvbquaHTEsVeCE4u9l9ZXABBP6U6D983LrCpdSU=
