github.com/KevinStrong/go-sandbox/set v0.0.0-20220405221851-120adb24740b h1:R/cjhlzJVHhkXF3PzRmqOcv9X1ZDIAqbkpdEXSbgqkM=
github.com/KevinStrong/go-sandbox/set v0.0.0-20220405221851-120adb24740b/go.mod h1:/y7I9L6g1tdkepM2AYGCZL0sE8vIVjIrKvVLMW1p1NI=
github.com/google/go-cmp v0.5.7 h1:81/ik6ipDQS2aGcBfIN5dHDB36BwrStyeAQquSYCV4o=
